PODS:
  - Charts (3.2.1):
    - Charts/Core (= 3.2.1)
  - Charts/Core (3.2.1)
  - OHMySQL (2.1.3)

DEPENDENCIES:
  - Charts
  - OHMySQL

SPEC REPOS:
  https://github.com/cocoapods/specs.git:
    - Charts
    - OHMySQL

SPEC CHECKSUMS:
  Charts: f122fb70b19847fa5817d018b77d6c5a2296ab25
  OHMySQL: 8bc54d2b8b9e1acfa0e652b18856a9cdbb24c431

PODFILE CHECKSUM: 051521ea98cf5590d4d1436bee675015a4428b9b

COCOAPODS: 1.5.3
