// !$*UTF8*$!
{
	archiveVersion = 1;
	classes = {
	};
	objectVersion = 50;
	objects = {

/* Begin PBXBuildFile section */
		191947D021EAEBE000F9314B /* AppDelegate.m in Sources */ = {isa = PBXBuildFile; fileRef = 191947CF21EAEBE000F9314B /* AppDelegate.m */; };
		191947D321EAEBE000F9314B /* FirstViewController.m in Sources */ = {isa = PBXBuildFile; fileRef = 191947D221EAEBE000F9314B /* FirstViewController.m */; };
		191947D621EAEBE000F9314B /* SecondViewController.m in Sources */ = {isa = PBXBuildFile; fileRef = 191947D521EAEBE000F9314B /* SecondViewController.m */; };
		191947D921EAEBE000F9314B /* Main.storyboard in Resources */ = {isa = PBXBuildFile; fileRef = 191947D721EAEBE000F9314B /* Main.storyboard */; };
		191947DB21EAEBE100F9314B /* Assets.xcassets in Resources */ = {isa = PBXBuildFile; fileRef = 191947DA21EAEBE100F9314B /* Assets.xcassets */; };
		191947DE21EAEBE100F9314B /* LaunchScreen.storyboard in Resources */ = {isa = PBXBuildFile; fileRef = 191947DC21EAEBE100F9314B /* LaunchScreen.storyboard */; };
		191947E121EAEBE100F9314B /* main.m in Sources */ = {isa = PBXBuildFile; fileRef = 191947E021EAEBE100F9314B /* main.m */; };
/* End PBXBuildFile section */

/* Begin PBXFileReference section */
		191947CB21EAEBE000F9314B /* iTSC.app */ = {isa = PBXFileReference; explicitFileType = wrapper.application; includeInIndex = 0; path = iTSC.app; sourceTree = BUILT_PRODUCTS_DIR; };
		191947CE21EAEBE000F9314B /* AppDelegate.h */ = {isa = PBXFileReference; lastKnownFileType = sourcecode.c.h; path = AppDelegate.h; sourceTree = "<group>"; };
		191947CF21EAEBE000F9314B /* AppDelegate.m */ = {isa = PBXFileReference; lastKnownFileType = sourcecode.c.objc; path = AppDelegate.m; sourceTree = "<group>"; };
		191947D121EAEBE000F9314B /* FirstViewController.h */ = {isa = PBXFileReference; lastKnownFileType = sourcecode.c.h; path = FirstViewController.h; sourceTree = "<group>"; };
		191947D221EAEBE000F9314B /* FirstViewController.m */ = {isa = PBXFileReference; lastKnownFileType = sourcecode.c.objc; path = FirstViewController.m; sourceTree = "<group>"; };
		191947D421EAEBE000F9314B /* SecondViewController.h */ = {isa = PBXFileReference; lastKnownFileType = sourcecode.c.h; path = SecondViewController.h; sourceTree = "<group>"; };
		191947D521EAEBE000F9314B /* SecondViewController.m */ = {isa = PBXFileReference; lastKnownFileType = sourcecode.c.objc; path = SecondViewController.m; sourceTree = "<group>"; };
		191947D821EAEBE000F9314B /* Base */ = {isa = PBXFileReference; lastKnownFileType = file.storyboard; name = Base; path = Base.lproj/Main.storyboard; sourceTree = "<group>"; };
		191947DA21EAEBE100F9314B /* Assets.xcassets */ = {isa = PBXFileReference; lastKnownFileType = folder.assetcatalog; path = Assets.xcassets; sourceTree = "<group>"; };
		191947DD21EAEBE100F9314B /* Base */ = {isa = PBXFileReference; lastKnownFileType = file.storyboard; name = Base; path = Base.lproj/LaunchScreen.storyboard; sourceTree = "<group>"; };
		191947DF21EAEBE100F9314B /* Info.plist */ = {isa = PBXFileReference; lastKnownFileType = text.plist.xml; path = Info.plist; sourceTree = "<group>"; };
		191947E021EAEBE100F9314B /* main.m */ = {isa = PBXFileReference; lastKnownFileType = sourcecode.c.objc; path = main.m; sourceTree = "<group>"; };
/* End PBXFileReference section */

/* Begin PBXFrameworksBuildPhase section */
		191947C821EAEBE000F9314B /* Frameworks */ = {
			isa = PBXFrameworksBuildPhase;
			buildActionMask = 2147483647;
			files = (
			);
			runOnlyForDeploymentPostprocessing = 0;
		};
/* End PBXFrameworksBuildPhase section */

/* Begin PBXGroup section */
		191947C221EAEBE000F9314B = {
			isa = PBXGroup;
			children = (
				191947CD21EAEBE000F9314B /* iTSC */,
				191947CC21EAEBE000F9314B /* Products */,
			);
			sourceTree = "<group>";
		};
		191947CC21EAEBE000F9314B /* Products */ = {
			isa = PBXGroup;
			children = (
				191947CB21EAEBE000F9314B /* iTSC.app */,
			);
			name = Products;
			sourceTree = "<group>";
		};
		191947CD21EAEBE000F9314B /* iTSC */ = {
			isa = PBXGroup;
			children = (
				191947CE21EAEBE000F9314B /* AppDelegate.h */,
				191947CF21EAEBE000F9314B /* AppDelegate.m */,
				191947D121EAEBE000F9314B /* FirstViewController.h */,
				191947D221EAEBE000F9314B /* FirstViewController.m */,
				191947D421EAEBE000F9314B /* SecondViewController.h */,
				191947D521EAEBE000F9314B /* SecondViewController.m */,
				191947D721EAEBE000F9314B /* Main.storyboard */,
				191947DA21EAEBE100F9314B /* Assets.xcassets */,
				191947DC21EAEBE100F9314B /* LaunchScreen.storyboard */,
				191947DF21EAEBE100F9314B /* Info.plist */,
				191947E021EAEBE100F9314B /* main.m */,
			);
			path = iTSC;
			sourceTree = "<group>";
		};
/* End PBXGroup section */

/* Begin PBXNativeTarget section */
		191947CA21EAEBE000F9314B /* iTSC */ = {
			isa = PBXNativeTarget;
			buildConfigurationList = 191947E421EAEBE100F9314B /* Build configuration list for PBXNativeTarget "iTSC" */;
			buildPhases = (
				191947C721EAEBE000F9314B /* Sources */,
				191947C821EAEBE000F9314B /* Frameworks */,
				191947C921EAEBE000F9314B /* Resources */,
			);
			buildRules = (
			);
			dependencies = (
			);
			name = iTSC;
			productName = iTSC;
			productReference = 191947CB21EAEBE000F9314B /* iTSC.app */;
			productType = "com.apple.product-type.application";
		};
/* End PBXNativeTarget section */

/* Begin PBXProject section */
		191947C321EAEBE000F9314B /* Project object */ = {
			isa = PBXProject;
			attributes = {
				LastUpgradeCheck = 1010;
				ORGANIZATIONNAME = tss;
				TargetAttributes = {
					191947CA21EAEBE000F9314B = {
						CreatedOnToolsVersion = 10.1;
					};
				};
			};
			buildConfigurationList = 191947C621EAEBE000F9314B /* Build configuration list for PBXProject "iTSC" */;
			compatibilityVersion = "Xcode 9.3";
			developmentRegion = en;
			hasScannedForEncodings = 0;
			knownRegions = (
				en,
				Base,
			);
			mainGroup = 191947C221EAEBE000F9314B;
			productRefGroup = 191947CC21EAEBE000F9314B /* Products */;
			projectDirPath = "";
			projectRoot = "";
			targets = (
				191947CA21EAEBE000F9314B /* iTSC */,
			);
		};
/* End PBXProject section */

/* Begin PBXResourcesBuildPhase section */
		191947C921EAEBE000F9314B /* Resources */ = {
			isa = PBXResourcesBuildPhase;
			buildActionMask = 2147483647;
			files = (
				191947DE21EAEBE100F9314B /* LaunchScreen.storyboard in Resources */,
				191947DB21EAEBE100F9314B /* Assets.xcassets in Resources */,
				191947D921EAEBE000F9314B /* Main.storyboard in Resources */,
			);
			runOnlyForDeploymentPostprocessing = 0;
		};
/* End PBXResourcesBuildPhase section */

/* Begin PBXSourcesBuildPhase section */
		191947C721EAEBE000F9314B /* Sources */ = {
			isa = PBXSourcesBuildPhase;
			buildActionMask = 2147483647;
			files = (
				191947D621EAEBE000F9314B /* SecondViewController.m in Sources */,
				191947D021EAEBE000F9314B /* AppDelegate.m in Sources */,
				191947E121EAEBE100F9314B /* main.m in Sources */,
				191947D321EAEBE000F9314B /* FirstViewController.m in Sources */,
			);
			runOnlyForDeploymentPostprocessing = 0;
		};
/* End PBXSourcesBuildPhase section */

/* Begin PBXVariantGroup section */
		191947D721EAEBE000F9314B /* Main.storyboard */ = {
			isa = PBXVariantGroup;
			children = (
				191947D821EAEBE000F9314B /* Base */,
			);
			name = Main.storyboard;
			sourceTree = "<group>";
		};
		191947DC21EAEBE100F9314B /* LaunchScreen.storyboard */ = {
			isa = PBXVariantGroup;
			children = (
				191947DD21EAEBE100F9314B /* Base */,
			);
			name = LaunchScreen.storyboard;
			sourceTree = "<group>";
		};
/* End PBXVariantGroup section */

/* Begin XCBuildConfiguration section */
		191947E221EAEBE100F9314B /* Debug */ = {
			isa = XCBuildConfiguration;
			buildSettings = {
				ALWAYS_SEARCH_USER_PATHS = NO;
				CLANG_ANALYZER_NONNULL = YES;
				CLANG_ANALYZER_NUMBER_OBJECT_CONVERSION = YES_AGGRESSIVE;
				CLANG_CXX_LANGUAGE_STANDARD = "gnu++14";
				CLANG_CXX_LIBRARY = "libc++";
				CLANG_ENABLE_MODULES = YES;
				CLANG_ENABLE_OBJC_ARC = YES;
				CLANG_ENABLE_OBJC_WEAK = YES;
				CLANG_WARN_BLOCK_CAPTURE_AUTORELEASING = YES;
				CLANG_WARN_BOOL_CONVERSION = YES;
				CLANG_WARN_COMMA = YES;
				CLANG_WARN_CONSTANT_CONVERSION = YES;
				CLANG_WARN_DEPRECATED_OBJC_IMPLEMENTATIONS = YES;
				CLANG_WARN_DIRECT_OBJC_ISA_USAGE = YES_ERROR;
				CLANG_WARN_DOCUMENTATION_COMMENTS = YES;
				CLANG_WARN_EMPTY_BODY = YES;
				CLANG_WARN_ENUM_CONVERSION = YES;
				CLANG_WARN_INFINITE_RECURSION = YES;
				CLANG_WARN_INT_CONVERSION = YES;
				CLANG_WARN_NON_LITERAL_NULL_CONVERSION = YES;
				CLANG_WARN_OBJC_IMPLICIT_RETAIN_SELF = YES;
				CLANG_WARN_OBJC_LITERAL_CONVERSION = YES;
				CLANG_WARN_OBJC_ROOT_CLASS = YES_ERROR;
				CLANG_WARN_RANGE_LOOP_ANALYSIS = YES;
				CLANG_WARN_STRICT_PROTOTYPES = YES;
				CLANG_WARN_SUSPICIOUS_MOVE = YES;
				CLANG_WARN_UNGUARDED_AVAILABILITY = YES_AGGRESSIVE;
				CLANG_WARN_UNREACHABLE_CODE = YES;
				CLANG_WARN__DUPLICATE_METHOD_MATCH = YES;
				CODE_SIGN_IDENTITY = "iPhone Developer";
				COPY_PHASE_STRIP = NO;
				DEBUG_INFORMATION_FORMAT = dwarf;
				ENABLE_STRICT_OBJC_MSGSEND = YES;
				ENABLE_TESTABILITY = YES;
				GCC_C_LANGUAGE_STANDARD = gnu11;
				GCC_DYNAMIC_NO_PIC = NO;
				GCC_NO_COMMON_BLOCKS = YES;
				GCC_OPTIMIZATION_LEVEL = 0;
				GCC_PREPROCESSOR_DEFINITIONS = (
					"DEBUG=1",
					"$(inherited)",
				);
				GCC_WARN_64_TO_32_BIT_CONVERSION = YES;
				GCC_WARN_ABOUT_RETURN_TYPE = YES_ERROR;
				GCC_WARN_UNDECLARED_SELECTOR = YES;
				GCC_WARN_UNINITIALIZED_AUTOS = YES_AGGRESSIVE;
				GCC_WARN_UNUSED_FUNCTION = YES;
				GCC_WARN_UNUSED_VARIABLE = YES;
				IPHONEOS_DEPLOYMENT_TARGET = 12.1;
				MTL_ENABLE_DEBUG_INFO = INCLUDE_SOURCE;
				MTL_FAST_MATH = YES;
				ONLY_ACTIVE_ARCH = YES;
				SDKROOT = iphoneos;
			};
			name = Debug;
		};
		191947E321EAEBE100F9314B /* Release */ = {
			isa = XCBuildConfiguration;
			buildSettings = {
				ALWAYS_SEARCH_USER_PATHS = NO;
				CLANG_ANALYZER_NONNULL = YES;
				CLANG_ANALYZER_NUMBER_OBJECT_CONVERSION = YES_AGGRESSIVE;
				CLANG_CXX_LANGUAGE_STANDARD = "gnu++14";
				CLANG_CXX_LIBRARY = "libc++";
				CLANG_ENABLE_MODULES = YES;
				CLANG_ENABLE_OBJC_ARC = YES;
				CLANG_ENABLE_OBJC_WEAK = YES;
				CLANG_WARN_BLOCK_CAPTURE_AUTORELEASING = YES;
				CLANG_WARN_BOOL_CONVERSION = YES;
				CLANG_WARN_COMMA = YES;
				CLANG_WARN_CONSTANT_CONVERSION = YES;
				CLANG_WARN_DEPRECATED_OBJC_IMPLEMENTATIONS = YES;
				CLANG_WARN_DIRECT_OBJC_ISA_USAGE = YES_ERROR;
				CLANG_WARN_DOCUMENTATION_COMMENTS = YES;
				CLANG_WARN_EMPTY_BODY = YES;
				CLANG_WARN_ENUM_CONVERSION = YES;
				CLANG_WARN_INFINITE_RECURSION = YES;
				CLANG_WARN_INT_CONVERSION = YES;
				CLANG_WARN_NON_LITERAL_NULL_CONVERSION = YES;
				CLANG_WARN_OBJC_IMPLICIT_RETAIN_SELF = YES;
				CLANG_WARN_OBJC_LITERAL_CONVERSION = YES;
				CLANG_WARN_OBJC_ROOT_CLASS = YES_ERROR;
				CLANG_WARN_RANGE_LOOP_ANALYSIS = YES;
				CLANG_WARN_STRICT_PROTOTYPES = YES;
				CLANG_WARN_SUSPICIOUS_MOVE = YES;
				CLANG_WARN_UNGUARDED_AVAILABILITY = YES_AGGRESSIVE;
				CLANG_WARN_UNREACHABLE_CODE = YES;
				CLANG_WARN__DUPLICATE_METHOD_MATCH = YES;
				CODE_SIGN_IDENTITY = "iPhone Developer";
				COPY_PHASE_STRIP = NO;
				DEBUG_INFORMATION_FORMAT = "dwarf-with-dsym";
				ENABLE_NS_ASSERTIONS = NO;
				ENABLE_STRICT_OBJC_MSGSEND = YES;
				GCC_C_LANGUAGE_STANDARD = gnu11;
				GCC_NO_COMMON_BLOCKS = YES;
				GCC_WARN_64_TO_32_BIT_CONVERSION = YES;
				GCC_WARN_ABOUT_RETURN_TYPE = YES_ERROR;
				GCC_WARN_UNDECLARED_SELECTOR = YES;
				GCC_WARN_UNINITIALIZED_AUTOS = YES_AGGRESSIVE;
				GCC_WARN_UNUSED_FUNCTION = YES;
				GCC_WARN_UNUSED_VARIABLE = YES;
				IPHONEOS_DEPLOYMENT_TARGET = 12.1;
				MTL_ENABLE_DEBUG_INFO = NO;
				MTL_FAST_MATH = YES;
				SDKROOT = iphoneos;
				VALIDATE_PRODUCT = YES;
			};
			name = Release;
		};
		191947E521EAEBE100F9314B /* Debug */ = {
			isa = XCBuildConfiguration;
			buildSettings = {
				ASSETCATALOG_COMPILER_APPICON_NAME = AppIcon;
				CODE_SIGN_STYLE = Automatic;
				DEVELOPMENT_TEAM = K5BBWE8GXB;
				INFOPLIST_FILE = iTSC/Info.plist;
				LD_RUNPATH_SEARCH_PATHS = (
					"$(inherited)",
					"@executable_path/Frameworks",
				);
				PRODUCT_BUNDLE_IDENTIFIER = cqg.com.iTSC;
				PRODUCT_NAME = "$(TARGET_NAME)";
				TARGETED_DEVICE_FAMILY = "1,2";
			};
			name = Debug;
		};
		191947E621EAEBE100F9314B /* Release */ = {
			isa = XCBuildConfiguration;
			buildSettings = {
				ASSETCATALOG_COMPILER_APPICON_NAME = AppIcon;
				CODE_SIGN_STYLE = Automatic;
				DEVELOPMENT_TEAM = K5BBWE8GXB;
				INFOPLIST_FILE = iTSC/Info.plist;
				LD_RUNPATH_SEARCH_PATHS = (
					"$(inherited)",
					"@executable_path/Frameworks",
				);
				PRODUCT_BUNDLE_IDENTIFIER = cqg.com.iTSC;
				PRODUCT_NAME = "$(TARGET_NAME)";
				TARGETED_DEVICE_FAMILY = "1,2";
			};
			name = Release;
		};
/* End XCBuildConfiguration section */

/* Begin XCConfigurationList section */
		191947C621EAEBE000F9314B /* Build configuration list for PBXProject "iTSC" */ = {
			isa = XCConfigurationList;
			buildConfigurations = (
				191947E221EAEBE100F9314B /* Debug */,
				191947E321EAEBE100F9314B /* Release */,
			);
			defaultConfigurationIsVisible = 0;
			defaultConfigurationName = Release;
		};
		191947E421EAEBE100F9314B /* Build configuration list for PBXNativeTarget "iTSC" */ = {
			isa = XCConfigurationList;
			buildConfigurations = (
				191947E521EAEBE100F9314B /* Debug */,
				191947E621EAEBE100F9314B /* Release */,
			);
			defaultConfigurationIsVisible = 0;
			defaultConfigurationName = Release;
		};
/* End XCConfigurationList section */
	};
	rootObject = 191947C321EAEBE000F9314B /* Project object */;
}
