// !$*UTF8*$!
{
	archiveVersion = 1;
	classes = {
	};
	objectVersion = 51;
	objects = {

/* Begin PBXBuildFile section */
		190210B921E45964009ADE0B /* AppDelegate.m in Sources */ = {isa = PBXBuildFile; fileRef = 190210B821E45964009ADE0B /* AppDelegate.m */; };
		190210BF21E45964009ADE0B /* ControlViewController.m in Sources */ = {isa = PBXBuildFile; fileRef = 190210BE21E45964009ADE0B /* ControlViewController.m */; };
		190210C221E45964009ADE0B /* BriefDetail.storyboard in Resources */ = {isa = PBXBuildFile; fileRef = 190210C021E45964009ADE0B /* BriefDetail.storyboard */; };
		190210C421E45966009ADE0B /* Assets.xcassets in Resources */ = {isa = PBXBuildFile; fileRef = 190210C321E45966009ADE0B /* Assets.xcassets */; };
		190210CA21E45966009ADE0B /* main.m in Sources */ = {isa = PBXBuildFile; fileRef = 190210C921E45966009ADE0B /* main.m */; };
		190210D821E48399009ADE0B /* FilePathHelper.m in Sources */ = {isa = PBXBuildFile; fileRef = 190210D721E48399009ADE0B /* FilePathHelper.m */; };
		190210DA21E48DB2009ADE0B /* OCCodingHelper.m in Sources */ = {isa = PBXBuildFile; fileRef = 190210D921E48DB2009ADE0B /* OCCodingHelper.m */; };
		190210DD21E49649009ADE0B /* 编程-属性 in Resources */ = {isa = PBXBuildFile; fileRef = 190210DC21E49649009ADE0B /* 编程-属性 */; };
		190210E021E499DE009ADE0B /* 编程-本地数据保存 in Resources */ = {isa = PBXBuildFile; fileRef = 190210DF21E499DE009ADE0B /* 编程-本地数据保存 */; };
		190210E321E49BC0009ADE0B /* ConfigHelper.m in Sources */ = {isa = PBXBuildFile; fileRef = 190210E221E49BC0009ADE0B /* ConfigHelper.m */; };
		190210E621E49C27009ADE0B /* DBHelper.m in Sources */ = {isa = PBXBuildFile; fileRef = 190210E521E49C27009ADE0B /* DBHelper.m */; };
		1911DFAB21FF11160079304C /* Asset.storyboard in Resources */ = {isa = PBXBuildFile; fileRef = 1911DFA921FF11160079304C /* Asset.storyboard */; };
		1911DFAF21FF294E0079304C /* HADrawChartViewController.m in Sources */ = {isa = PBXBuildFile; fileRef = 1911DFAE21FF294E0079304C /* HADrawChartViewController.m */; };
		1911DFB121FF29EB0079304C /* HisAssetChart.storyboard in Resources */ = {isa = PBXBuildFile; fileRef = 1911DFB021FF29EB0079304C /* HisAssetChart.storyboard */; };
		1911DFBA21FF307D0079304C /* Chart-Bridging-Header.swift in Sources */ = {isa = PBXBuildFile; fileRef = 1911DFB921FF307D0079304C /* Chart-Bridging-Header.swift */; };
		1911DFBD21FF31AA0079304C /* Charts.framework in Frameworks */ = {isa = PBXBuildFile; fileRef = 1911DFBC21FF31AA0079304C /* Charts.framework */; };
		19417D4721E86BA000C1FF2C /* StringHelper.m in Sources */ = {isa = PBXBuildFile; fileRef = 19417D4621E86BA000C1FF2C /* StringHelper.m */; };
		194B2B5F21FFF2CE008F8A9D /* HisAssetQueryViewController.m in Sources */ = {isa = PBXBuildFile; fileRef = 194B2B5E21FFF2CE008F8A9D /* HisAssetQueryViewController.m */; };
		194B2B6322001775008F8A9D /* TscConst.m in Sources */ = {isa = PBXBuildFile; fileRef = 194B2B6222001775008F8A9D /* TscConst.m */; };
		194B2B66220024F4008F8A9D /* HADrawChartView.m in Sources */ = {isa = PBXBuildFile; fileRef = 194B2B65220024F4008F8A9D /* HADrawChartView.m */; };
		194B2B6822002DC6008F8A9D /* HADatePickerViewController.m in Sources */ = {isa = PBXBuildFile; fileRef = 194B2B6722002DC6008F8A9D /* HADatePickerViewController.m */; };
		194D007A21F2824C008918DA /* TscConnections.m in Sources */ = {isa = PBXBuildFile; fileRef = 194D007921F2824C008918DA /* TscConnections.m */; };
		194D008421F2B52B008918DA /* GreeksViewController.m in Sources */ = {isa = PBXBuildFile; fileRef = 194D008321F2B52B008918DA /* GreeksViewController.m */; };
		194D008721F2C714008918DA /* TestViewController.m in Sources */ = {isa = PBXBuildFile; fileRef = 194D008621F2C714008918DA /* TestViewController.m */; };
		194D008921F41210008918DA /* UIHelper.m in Sources */ = {isa = PBXBuildFile; fileRef = 194D008821F41210008918DA /* UIHelper.m */; };
		194D008E21F44057008918DA /* AssetViewController.m in Sources */ = {isa = PBXBuildFile; fileRef = 194D008D21F44057008918DA /* AssetViewController.m */; };
		194D009021F46CE5008918DA /* TradeSumsViewController.m in Sources */ = {isa = PBXBuildFile; fileRef = 194D008F21F46CE5008918DA /* TradeSumsViewController.m */; };
		196B41D121EED13800105D44 /* ConfigViewController.m in Sources */ = {isa = PBXBuildFile; fileRef = 196B41D021EED13800105D44 /* ConfigViewController.m */; };
		196CBF42224722F2002F8F0F /* iTSCInit.storyboard in Resources */ = {isa = PBXBuildFile; fileRef = 196CBF41224722F2002F8F0F /* iTSCInit.storyboard */; };
		196CBF46224725F0002F8F0F /* iTSCInit.m in Sources */ = {isa = PBXBuildFile; fileRef = 196CBF45224725F0002F8F0F /* iTSCInit.m */; };
		19703EBA21F5B537003D6697 /* PositionViewController.m in Sources */ = {isa = PBXBuildFile; fileRef = 19703EB921F5B537003D6697 /* PositionViewController.m */; };
		19703EBD21F5BD09003D6697 /* PnlViewController.m in Sources */ = {isa = PBXBuildFile; fileRef = 19703EBC21F5BD09003D6697 /* PnlViewController.m */; };
		197BF9DE2248861D00450399 /* TscDNSs.m in Sources */ = {isa = PBXBuildFile; fileRef = 197BF9DD2248861D00450399 /* TscDNSs.m */; };
		1980DBD621EF0291008C9FF0 /* TscConfig.m in Sources */ = {isa = PBXBuildFile; fileRef = 1980DBD521EF0291008C9FF0 /* TscConfig.m */; };
		1980DBDA21F0083E008C9FF0 /* Test.storyboard in Resources */ = {isa = PBXBuildFile; fileRef = 1980DBD921F0083E008C9FF0 /* Test.storyboard */; };
		198173FA222CFD74009415A2 /* HAMktOrTheoPickerViewController.m in Sources */ = {isa = PBXBuildFile; fileRef = 198173F9222CFD74009415A2 /* HAMktOrTheoPickerViewController.m */; };
		198426352226704600BA10F0 /* AvgEdgeViewController.m in Sources */ = {isa = PBXBuildFile; fileRef = 198426342226704600BA10F0 /* AvgEdgeViewController.m */; };
		19F2FE862339AE63008498D7 /* NetHelper.m in Sources */ = {isa = PBXBuildFile; fileRef = 19F2FE852339AE63008498D7 /* NetHelper.m */; };
		19FFB29221F1706900C02A53 /* Help.storyboard in Resources */ = {isa = PBXBuildFile; fileRef = 19FFB29121F1706900C02A53 /* Help.storyboard */; };
		19FFB29521F17B7D00C02A53 /* TabBarController.m in Sources */ = {isa = PBXBuildFile; fileRef = 19FFB29421F17B7D00C02A53 /* TabBarController.m */; };
		19FFB2A421F18EEE00C02A53 /* Config.storyboard in Resources */ = {isa = PBXBuildFile; fileRef = 19FFB2A321F18EEE00C02A53 /* Config.storyboard */; };
		19FFB2A821F191D700C02A53 /* Control.storyboard in Resources */ = {isa = PBXBuildFile; fileRef = 19FFB2A721F191D700C02A53 /* Control.storyboard */; };
		19FFB2AA21F194BD00C02A53 /* Brief.storyboard in Resources */ = {isa = PBXBuildFile; fileRef = 19FFB2A921F194BD00C02A53 /* Brief.storyboard */; };
		19FFB2BC21F19A8E00C02A53 /* PageContainerViewController.m in Sources */ = {isa = PBXBuildFile; fileRef = 19FFB2AD21F19A8D00C02A53 /* PageContainerViewController.m */; };
		19FFB2BE21F19A8E00C02A53 /* SampleTitleCell.m in Sources */ = {isa = PBXBuildFile; fileRef = 19FFB2B121F19A8E00C02A53 /* SampleTitleCell.m */; };
		19FFB2BF21F19A8E00C02A53 /* SampleTitleViewController.m in Sources */ = {isa = PBXBuildFile; fileRef = 19FFB2B321F19A8E00C02A53 /* SampleTitleViewController.m */; };
		19FFB2C021F19A8E00C02A53 /* TableViewController.m in Sources */ = {isa = PBXBuildFile; fileRef = 19FFB2B521F19A8E00C02A53 /* TableViewController.m */; };
		19FFB2C121F19A8E00C02A53 /* TWPageTitleViewController.m in Sources */ = {isa = PBXBuildFile; fileRef = 19FFB2B721F19A8E00C02A53 /* TWPageTitleViewController.m */; };
		19FFB2C221F19A8E00C02A53 /* TWPageViewController.m in Sources */ = {isa = PBXBuildFile; fileRef = 19FFB2B921F19A8E00C02A53 /* TWPageViewController.m */; };
		19FFB2C321F19A8E00C02A53 /* ViewController.m in Sources */ = {isa = PBXBuildFile; fileRef = 19FFB2BB21F19A8E00C02A53 /* ViewController.m */; };
		19FFB2C721F1B5B100C02A53 /* Main.storyboard in Resources */ = {isa = PBXBuildFile; fileRef = 19FFB2C621F1B5B100C02A53 /* Main.storyboard */; };
		296D8A2E5C638D84C7C708DE /* Pods_iTSC.framework in Frameworks */ = {isa = PBXBuildFile; fileRef = D29AD58FE58AA4674B20F18F /* Pods_iTSC.framework */; };
/* End PBXBuildFile section */

/* Begin PBXFileReference section */
		190210B421E45964009ADE0B /* iTSC.app */ = {isa = PBXFileReference; explicitFileType = wrapper.application; includeInIndex = 0; path = iTSC.app; sourceTree = BUILT_PRODUCTS_DIR; };
		190210B721E45964009ADE0B /* AppDelegate.h */ = {isa = PBXFileReference; lastKnownFileType = sourcecode.c.h; path = AppDelegate.h; sourceTree = "<group>"; };
		190210B821E45964009ADE0B /* AppDelegate.m */ = {isa = PBXFileReference; lastKnownFileType = sourcecode.c.objc; path = AppDelegate.m; sourceTree = "<group>"; };
		190210BD21E45964009ADE0B /* ControlViewController.h */ = {isa = PBXFileReference; lastKnownFileType = sourcecode.c.h; path = ControlViewController.h; sourceTree = "<group>"; };
		190210BE21E45964009ADE0B /* ControlViewController.m */ = {isa = PBXFileReference; lastKnownFileType = sourcecode.c.objc; path = ControlViewController.m; sourceTree = "<group>"; };
		190210C121E45964009ADE0B /* Base */ = {isa = PBXFileReference; lastKnownFileType = file.storyboard; name = Base; path = Base.lproj/BriefDetail.storyboard; sourceTree = "<group>"; };
		190210C321E45966009ADE0B /* Assets.xcassets */ = {isa = PBXFileReference; lastKnownFileType = folder.assetcatalog; path = Assets.xcassets; sourceTree = "<group>"; };
		190210C821E45966009ADE0B /* Info.plist */ = {isa = PBXFileReference; lastKnownFileType = text.plist.xml; path = Info.plist; sourceTree = "<group>"; };
		190210C921E45966009ADE0B /* main.m */ = {isa = PBXFileReference; lastKnownFileType = sourcecode.c.objc; path = main.m; sourceTree = "<group>"; };
		190210D621E48375009ADE0B /* FilePathHelper.h */ = {isa = PBXFileReference; lastKnownFileType = sourcecode.c.h; path = FilePathHelper.h; sourceTree = "<group>"; };
		190210D721E48399009ADE0B /* FilePathHelper.m */ = {isa = PBXFileReference; lastKnownFileType = sourcecode.c.objc; path = FilePathHelper.m; sourceTree = "<group>"; };
		190210D921E48DB2009ADE0B /* OCCodingHelper.m */ = {isa = PBXFileReference; lastKnownFileType = sourcecode.c.objc; path = OCCodingHelper.m; sourceTree = "<group>"; };
		190210DB21E49255009ADE0B /* Locker.h */ = {isa = PBXFileReference; lastKnownFileType = sourcecode.c.h; path = Locker.h; sourceTree = "<group>"; };
		190210DC21E49649009ADE0B /* 编程-属性 */ = {isa = PBXFileReference; lastKnownFileType = text; path = "编程-属性"; sourceTree = "<group>"; };
		190210DF21E499DE009ADE0B /* 编程-本地数据保存 */ = {isa = PBXFileReference; lastKnownFileType = text; path = "编程-本地数据保存"; sourceTree = "<group>"; };
		190210E121E49BA1009ADE0B /* ConfigHelper.h */ = {isa = PBXFileReference; lastKnownFileType = sourcecode.c.h; path = ConfigHelper.h; sourceTree = "<group>"; };
		190210E221E49BC0009ADE0B /* ConfigHelper.m */ = {isa = PBXFileReference; lastKnownFileType = sourcecode.c.objc; path = ConfigHelper.m; sourceTree = "<group>"; };
		190210E421E49C0A009ADE0B /* DBHelper.h */ = {isa = PBXFileReference; lastKnownFileType = sourcecode.c.h; path = DBHelper.h; sourceTree = "<group>"; };
		190210E521E49C27009ADE0B /* DBHelper.m */ = {isa = PBXFileReference; lastKnownFileType = sourcecode.c.objc; path = DBHelper.m; sourceTree = "<group>"; };
		1911DFAA21FF11160079304C /* Base */ = {isa = PBXFileReference; lastKnownFileType = file.storyboard; name = Base; path = Base.lproj/Asset.storyboard; sourceTree = "<group>"; };
		1911DFAD21FF29330079304C /* HADrawChartViewController.h */ = {isa = PBXFileReference; lastKnownFileType = sourcecode.c.h; path = HADrawChartViewController.h; sourceTree = "<group>"; };
		1911DFAE21FF294E0079304C /* HADrawChartViewController.m */ = {isa = PBXFileReference; lastKnownFileType = sourcecode.c.objc; path = HADrawChartViewController.m; sourceTree = "<group>"; };
		1911DFB021FF29EB0079304C /* HisAssetChart.storyboard */ = {isa = PBXFileReference; fileEncoding = 4; lastKnownFileType = file.storyboard; path = HisAssetChart.storyboard; sourceTree = "<group>"; };
		1911DFB921FF307D0079304C /* Chart-Bridging-Header.swift */ = {isa = PBXFileReference; lastKnownFileType = sourcecode.swift; path = "Chart-Bridging-Header.swift"; sourceTree = "<group>"; };
		1911DFBB21FF30A50079304C /* iTSC-Bridging-Header.h */ = {isa = PBXFileReference; lastKnownFileType = sourcecode.c.h; path = "iTSC-Bridging-Header.h"; sourceTree = "<group>"; };
		1911DFBC21FF31AA0079304C /* Charts.framework */ = {isa = PBXFileReference; explicitFileType = wrapper.framework; path = Charts.framework; sourceTree = BUILT_PRODUCTS_DIR; };
		19417D4521E86B8C00C1FF2C /* StringHelper.h */ = {isa = PBXFileReference; lastKnownFileType = sourcecode.c.h; path = StringHelper.h; sourceTree = "<group>"; };
		19417D4621E86BA000C1FF2C /* StringHelper.m */ = {isa = PBXFileReference; lastKnownFileType = sourcecode.c.objc; path = StringHelper.m; sourceTree = "<group>"; };
		194B2B5C21FFEEE4008F8A9D /* HisAssetChartDrawDelegate.h */ = {isa = PBXFileReference; lastKnownFileType = sourcecode.c.h; path = HisAssetChartDrawDelegate.h; sourceTree = "<group>"; };
		194B2B5D21FFF2BC008F8A9D /* HisAssetQueryViewController.h */ = {isa = PBXFileReference; lastKnownFileType = sourcecode.c.h; path = HisAssetQueryViewController.h; sourceTree = "<group>"; };
		194B2B5E21FFF2CE008F8A9D /* HisAssetQueryViewController.m */ = {isa = PBXFileReference; lastKnownFileType = sourcecode.c.objc; path = HisAssetQueryViewController.m; sourceTree = "<group>"; };
		194B2B6122001775008F8A9D /* TscConst.h */ = {isa = PBXFileReference; fileEncoding = 4; lastKnownFileType = sourcecode.c.h; path = TscConst.h; sourceTree = "<group>"; };
		194B2B6222001775008F8A9D /* TscConst.m */ = {isa = PBXFileReference; fileEncoding = 4; lastKnownFileType = sourcecode.c.objc; path = TscConst.m; sourceTree = "<group>"; };
		194B2B64220024E8008F8A9D /* HADrawChartView.h */ = {isa = PBXFileReference; lastKnownFileType = sourcecode.c.h; path = HADrawChartView.h; sourceTree = "<group>"; };
		194B2B65220024F4008F8A9D /* HADrawChartView.m */ = {isa = PBXFileReference; fileEncoding = 4; lastKnownFileType = sourcecode.c.objc; path = HADrawChartView.m; sourceTree = "<group>"; };
		194B2B6722002DC6008F8A9D /* HADatePickerViewController.m */ = {isa = PBXFileReference; lastKnownFileType = sourcecode.c.objc; path = HADatePickerViewController.m; sourceTree = "<group>"; };
		194B2B6922002DD6008F8A9D /* HADatePickerViewController.h */ = {isa = PBXFileReference; lastKnownFileType = sourcecode.c.h; path = HADatePickerViewController.h; sourceTree = "<group>"; };
		194D007821F280EC008918DA /* TscConnections.h */ = {isa = PBXFileReference; lastKnownFileType = sourcecode.c.h; path = TscConnections.h; sourceTree = "<group>"; };
		194D007921F2824C008918DA /* TscConnections.m */ = {isa = PBXFileReference; lastKnownFileType = sourcecode.c.objc; path = TscConnections.m; sourceTree = "<group>"; };
		194D008221F2B51A008918DA /* GreeksViewController.h */ = {isa = PBXFileReference; lastKnownFileType = sourcecode.c.h; path = GreeksViewController.h; sourceTree = "<group>"; };
		194D008321F2B52B008918DA /* GreeksViewController.m */ = {isa = PBXFileReference; lastKnownFileType = sourcecode.c.objc; path = GreeksViewController.m; sourceTree = "<group>"; };
		194D008521F2C707008918DA /* TestViewController.h */ = {isa = PBXFileReference; lastKnownFileType = sourcecode.c.h; path = TestViewController.h; sourceTree = "<group>"; };
		194D008621F2C714008918DA /* TestViewController.m */ = {isa = PBXFileReference; lastKnownFileType = sourcecode.c.objc; path = TestViewController.m; sourceTree = "<group>"; };
		194D008821F41210008918DA /* UIHelper.m */ = {isa = PBXFileReference; lastKnownFileType = sourcecode.c.objc; path = UIHelper.m; sourceTree = "<group>"; };
		194D008A21F4121E008918DA /* UIHelper.h */ = {isa = PBXFileReference; lastKnownFileType = sourcecode.c.h; path = UIHelper.h; sourceTree = "<group>"; };
		194D008C21F44049008918DA /* AssetViewController.h */ = {isa = PBXFileReference; lastKnownFileType = sourcecode.c.h; path = AssetViewController.h; sourceTree = "<group>"; };
		194D008D21F44057008918DA /* AssetViewController.m */ = {isa = PBXFileReference; lastKnownFileType = sourcecode.c.objc; path = AssetViewController.m; sourceTree = "<group>"; };
		194D008F21F46CE5008918DA /* TradeSumsViewController.m */ = {isa = PBXFileReference; lastKnownFileType = sourcecode.c.objc; path = TradeSumsViewController.m; sourceTree = "<group>"; };
		194D009121F46CF1008918DA /* TradeSumsViewController.h */ = {isa = PBXFileReference; lastKnownFileType = sourcecode.c.h; path = TradeSumsViewController.h; sourceTree = "<group>"; };
		196B41CF21EED11F00105D44 /* ConfigViewController.h */ = {isa = PBXFileReference; lastKnownFileType = sourcecode.c.h; path = ConfigViewController.h; sourceTree = "<group>"; };
		196B41D021EED13800105D44 /* ConfigViewController.m */ = {isa = PBXFileReference; lastKnownFileType = sourcecode.c.objc; path = ConfigViewController.m; sourceTree = "<group>"; };
		196CBF41224722F2002F8F0F /* iTSCInit.storyboard */ = {isa = PBXFileReference; lastKnownFileType = file.storyboard; path = iTSCInit.storyboard; sourceTree = "<group>"; };
		196CBF4422472542002F8F0F /* iTSCInit.h */ = {isa = PBXFileReference; lastKnownFileType = sourcecode.c.h; path = iTSCInit.h; sourceTree = "<group>"; };
		196CBF45224725F0002F8F0F /* iTSCInit.m */ = {isa = PBXFileReference; lastKnownFileType = sourcecode.c.objc; path = iTSCInit.m; sourceTree = "<group>"; };
		19703EB821F5B528003D6697 /* PositionViewController.h */ = {isa = PBXFileReference; lastKnownFileType = sourcecode.c.h; path = PositionViewController.h; sourceTree = "<group>"; };
		19703EB921F5B537003D6697 /* PositionViewController.m */ = {isa = PBXFileReference; lastKnownFileType = sourcecode.c.objc; path = PositionViewController.m; sourceTree = "<group>"; };
		19703EBC21F5BD09003D6697 /* PnlViewController.m */ = {isa = PBXFileReference; lastKnownFileType = sourcecode.c.objc; path = PnlViewController.m; sourceTree = "<group>"; };
		19703EBE21F5BD17003D6697 /* PnlViewController.h */ = {isa = PBXFileReference; lastKnownFileType = sourcecode.c.h; path = PnlViewController.h; sourceTree = "<group>"; };
		197BF9DD2248861D00450399 /* TscDNSs.m */ = {isa = PBXFileReference; lastKnownFileType = sourcecode.c.objc; path = TscDNSs.m; sourceTree = "<group>"; };
		197BF9DF2248863A00450399 /* TscDNSs.h */ = {isa = PBXFileReference; lastKnownFileType = sourcecode.c.h; path = TscDNSs.h; sourceTree = "<group>"; };
		1980DBD421EF0275008C9FF0 /* TscConfig.h */ = {isa = PBXFileReference; lastKnownFileType = sourcecode.c.h; path = TscConfig.h; sourceTree = "<group>"; };
		1980DBD521EF0291008C9FF0 /* TscConfig.m */ = {isa = PBXFileReference; lastKnownFileType = sourcecode.c.objc; path = TscConfig.m; sourceTree = "<group>"; };
		1980DBD921F0083E008C9FF0 /* Test.storyboard */ = {isa = PBXFileReference; lastKnownFileType = file.storyboard; path = Test.storyboard; sourceTree = "<group>"; };
		198173F9222CFD74009415A2 /* HAMktOrTheoPickerViewController.m */ = {isa = PBXFileReference; lastKnownFileType = sourcecode.c.objc; path = HAMktOrTheoPickerViewController.m; sourceTree = "<group>"; };
		198173FC222CFF0D009415A2 /* HAMktOrTheoPickerViewController.h */ = {isa = PBXFileReference; lastKnownFileType = sourcecode.c.h; path = HAMktOrTheoPickerViewController.h; sourceTree = "<group>"; };
		1984263322266FD500BA10F0 /* AvgEdgeViewController.h */ = {isa = PBXFileReference; lastKnownFileType = sourcecode.c.h; path = AvgEdgeViewController.h; sourceTree = "<group>"; };
		198426342226704600BA10F0 /* AvgEdgeViewController.m */ = {isa = PBXFileReference; lastKnownFileType = sourcecode.c.objc; path = AvgEdgeViewController.m; sourceTree = "<group>"; };
		19F2FE842339AE50008498D7 /* NetHelper.h */ = {isa = PBXFileReference; lastKnownFileType = sourcecode.c.h; path = NetHelper.h; sourceTree = "<group>"; };
		19F2FE852339AE63008498D7 /* NetHelper.m */ = {isa = PBXFileReference; lastKnownFileType = sourcecode.c.objc; path = NetHelper.m; sourceTree = "<group>"; };
		19FFB29121F1706900C02A53 /* Help.storyboard */ = {isa = PBXFileReference; lastKnownFileType = file.storyboard; path = Help.storyboard; sourceTree = "<group>"; };
		19FFB29321F17B6900C02A53 /* TabBarController.h */ = {isa = PBXFileReference; lastKnownFileType = sourcecode.c.h; path = TabBarController.h; sourceTree = "<group>"; };
		19FFB29421F17B7D00C02A53 /* TabBarController.m */ = {isa = PBXFileReference; lastKnownFileType = sourcecode.c.objc; path = TabBarController.m; sourceTree = "<group>"; };
		19FFB2A321F18EEE00C02A53 /* Config.storyboard */ = {isa = PBXFileReference; lastKnownFileType = file.storyboard; path = Config.storyboard; sourceTree = "<group>"; };
		19FFB2A721F191D700C02A53 /* Control.storyboard */ = {isa = PBXFileReference; lastKnownFileType = file.storyboard; path = Control.storyboard; sourceTree = "<group>"; };
		19FFB2A921F194BD00C02A53 /* Brief.storyboard */ = {isa = PBXFileReference; lastKnownFileType = file.storyboard; path = Brief.storyboard; sourceTree = "<group>"; };
		19FFB2AC21F19A8D00C02A53 /* PageContainerViewController.h */ = {isa = PBXFileReference; fileEncoding = 4; lastKnownFileType = sourcecode.c.h; path = PageContainerViewController.h; sourceTree = "<group>"; };
		19FFB2AD21F19A8D00C02A53 /* PageContainerViewController.m */ = {isa = PBXFileReference; fileEncoding = 4; lastKnownFileType = sourcecode.c.objc; path = PageContainerViewController.m; sourceTree = "<group>"; };
		19FFB2B021F19A8E00C02A53 /* SampleTitleCell.h */ = {isa = PBXFileReference; fileEncoding = 4; lastKnownFileType = sourcecode.c.h; path = SampleTitleCell.h; sourceTree = "<group>"; };
		19FFB2B121F19A8E00C02A53 /* SampleTitleCell.m */ = {isa = PBXFileReference; fileEncoding = 4; lastKnownFileType = sourcecode.c.objc; path = SampleTitleCell.m; sourceTree = "<group>"; };
		19FFB2B221F19A8E00C02A53 /* SampleTitleViewController.h */ = {isa = PBXFileReference; fileEncoding = 4; lastKnownFileType = sourcecode.c.h; path = SampleTitleViewController.h; sourceTree = "<group>"; };
		19FFB2B321F19A8E00C02A53 /* SampleTitleViewController.m */ = {isa = PBXFileReference; fileEncoding = 4; lastKnownFileType = sourcecode.c.objc; path = SampleTitleViewController.m; sourceTree = "<group>"; };
		19FFB2B421F19A8E00C02A53 /* TableViewController.h */ = {isa = PBXFileReference; fileEncoding = 4; lastKnownFileType = sourcecode.c.h; path = TableViewController.h; sourceTree = "<group>"; };
		19FFB2B521F19A8E00C02A53 /* TableViewController.m */ = {isa = PBXFileReference; fileEncoding = 4; lastKnownFileType = sourcecode.c.objc; path = TableViewController.m; sourceTree = "<group>"; };
		19FFB2B621F19A8E00C02A53 /* TWPageTitleViewController.h */ = {isa = PBXFileReference; fileEncoding = 4; lastKnownFileType = sourcecode.c.h; path = TWPageTitleViewController.h; sourceTree = "<group>"; };
		19FFB2B721F19A8E00C02A53 /* TWPageTitleViewController.m */ = {isa = PBXFileReference; fileEncoding = 4; lastKnownFileType = sourcecode.c.objc; path = TWPageTitleViewController.m; sourceTree = "<group>"; };
		19FFB2B821F19A8E00C02A53 /* TWPageViewController.h */ = {isa = PBXFileReference; fileEncoding = 4; lastKnownFileType = sourcecode.c.h; path = TWPageViewController.h; sourceTree = "<group>"; };
		19FFB2B921F19A8E00C02A53 /* TWPageViewController.m */ = {isa = PBXFileReference; fileEncoding = 4; lastKnownFileType = sourcecode.c.objc; path = TWPageViewController.m; sourceTree = "<group>"; };
		19FFB2BA21F19A8E00C02A53 /* ViewController.h */ = {isa = PBXFileReference; fileEncoding = 4; lastKnownFileType = sourcecode.c.h; path = ViewController.h; sourceTree = "<group>"; };
		19FFB2BB21F19A8E00C02A53 /* ViewController.m */ = {isa = PBXFileReference; fileEncoding = 4; lastKnownFileType = sourcecode.c.objc; path = ViewController.m; sourceTree = "<group>"; };
		19FFB2C621F1B5B100C02A53 /* Main.storyboard */ = {isa = PBXFileReference; lastKnownFileType = file.storyboard; path = Main.storyboard; sourceTree = "<group>"; };
		453C8632866D6234249936D1 /* Pods-iTSC.release.xcconfig */ = {isa = PBXFileReference; includeInIndex = 1; lastKnownFileType = text.xcconfig; name = "Pods-iTSC.release.xcconfig"; path = "Pods/Target Support Files/Pods-iTSC/Pods-iTSC.release.xcconfig"; sourceTree = "<group>"; };
		A3262C718804A2670A0A4D07 /* Pods-iTSC.debug.xcconfig */ = {isa = PBXFileReference; includeInIndex = 1; lastKnownFileType = text.xcconfig; name = "Pods-iTSC.debug.xcconfig"; path = "Pods/Target Support Files/Pods-iTSC/Pods-iTSC.debug.xcconfig"; sourceTree = "<group>"; };
		D29AD58FE58AA4674B20F18F /* Pods_iTSC.framework */ = {isa = PBXFileReference; explicitFileType = wrapper.framework; includeInIndex = 0; path = Pods_iTSC.framework; sourceTree = BUILT_PRODUCTS_DIR; };
/* End PBXFileReference section */

/* Begin PBXFrameworksBuildPhase section */
		190210B121E45964009ADE0B /* Frameworks */ = {
			isa = PBXFrameworksBuildPhase;
			buildActionMask = 2147483647;
			files = (
				1911DFBD21FF31AA0079304C /* Charts.framework in Frameworks */,
				296D8A2E5C638D84C7C708DE /* Pods_iTSC.framework in Frameworks */,
			);
			runOnlyForDeploymentPostprocessing = 0;
		};
/* End PBXFrameworksBuildPhase section */

/* Begin PBXGroup section */
		190210AB21E45964009ADE0B = {
			isa = PBXGroup;
			children = (
				190210B621E45964009ADE0B /* iTSC */,
				190210B521E45964009ADE0B /* Products */,
				BBD61110B7F90F4EE54E03F8 /* Pods */,
				667701AC65A23EEF211BB78C /* Frameworks */,
			);
			sourceTree = "<group>";
		};
		190210B521E45964009ADE0B /* Products */ = {
			isa = PBXGroup;
			children = (
				190210B421E45964009ADE0B /* iTSC.app */,
			);
			name = Products;
			sourceTree = "<group>";
		};
		190210B621E45964009ADE0B /* iTSC */ = {
			isa = PBXGroup;
			children = (
				190210C821E45966009ADE0B /* Info.plist */,
				19703EB621F55C27003D6697 /* Com */,
				19FFB29021F1703C00C02A53 /* StroyBoard */,
				194FF95421EC2B6B00CAB449 /* iOSInit */,
			);
			path = iTSC;
			sourceTree = "<group>";
		};
		190210D421E4832D009ADE0B /* Helper */ = {
			isa = PBXGroup;
			children = (
				194D008B21F4148C008918DA /* nouse */,
				190210DE21E49682009ADE0B /* 编程 */,
				190210E421E49C0A009ADE0B /* DBHelper.h */,
				190210E521E49C27009ADE0B /* DBHelper.m */,
				19417D4521E86B8C00C1FF2C /* StringHelper.h */,
				19417D4621E86BA000C1FF2C /* StringHelper.m */,
				194D008A21F4121E008918DA /* UIHelper.h */,
				194D008821F41210008918DA /* UIHelper.m */,
				19F2FE842339AE50008498D7 /* NetHelper.h */,
				19F2FE852339AE63008498D7 /* NetHelper.m */,
			);
			path = Helper;
			sourceTree = "<group>";
		};
		190210DE21E49682009ADE0B /* 编程 */ = {
			isa = PBXGroup;
			children = (
				190210DC21E49649009ADE0B /* 编程-属性 */,
				190210DF21E499DE009ADE0B /* 编程-本地数据保存 */,
			);
			path = "编程";
			sourceTree = "<group>";
		};
		1904662F21F89F0F00FF09C0 /* PageContainer */ = {
			isa = PBXGroup;
			children = (
				19FFB2C521F1A70D00C02A53 /* Title */,
				19FFB2C921F1BAF600C02A53 /* Page */,
				19FFB2AC21F19A8D00C02A53 /* PageContainerViewController.h */,
				19FFB2AD21F19A8D00C02A53 /* PageContainerViewController.m */,
			);
			path = PageContainer;
			sourceTree = "<group>";
		};
		1911DFAC21FF28E00079304C /* HisAsset */ = {
			isa = PBXGroup;
			children = (
				1911DFB021FF29EB0079304C /* HisAssetChart.storyboard */,
				194B2B64220024E8008F8A9D /* HADrawChartView.h */,
				194B2B65220024F4008F8A9D /* HADrawChartView.m */,
				1911DFAD21FF29330079304C /* HADrawChartViewController.h */,
				1911DFAE21FF294E0079304C /* HADrawChartViewController.m */,
				194B2B5C21FFEEE4008F8A9D /* HisAssetChartDrawDelegate.h */,
				194B2B5D21FFF2BC008F8A9D /* HisAssetQueryViewController.h */,
				194B2B5E21FFF2CE008F8A9D /* HisAssetQueryViewController.m */,
				194B2B6922002DD6008F8A9D /* HADatePickerViewController.h */,
				194B2B6722002DC6008F8A9D /* HADatePickerViewController.m */,
				198173FC222CFF0D009415A2 /* HAMktOrTheoPickerViewController.h */,
				198173F9222CFD74009415A2 /* HAMktOrTheoPickerViewController.m */,
			);
			path = HisAsset;
			sourceTree = "<group>";
		};
		194B2B602200173E008F8A9D /* Const */ = {
			isa = PBXGroup;
			children = (
				194B2B6122001775008F8A9D /* TscConst.h */,
				194B2B6222001775008F8A9D /* TscConst.m */,
			);
			path = Const;
			sourceTree = "<group>";
		};
		194D007B21F2ADD2008918DA /* StroyBoard */ = {
			isa = PBXGroup;
			children = (
				19FFB2A921F194BD00C02A53 /* Brief.storyboard */,
				190210C021E45964009ADE0B /* BriefDetail.storyboard */,
			);
			path = StroyBoard;
			sourceTree = "<group>";
		};
		194D007D21F2AE6D008918DA /* TradeSum */ = {
			isa = PBXGroup;
			children = (
				194D009121F46CF1008918DA /* TradeSumsViewController.h */,
				194D008F21F46CE5008918DA /* TradeSumsViewController.m */,
			);
			path = TradeSum;
			sourceTree = "<group>";
		};
		194D008B21F4148C008918DA /* nouse */ = {
			isa = PBXGroup;
			children = (
				190210DB21E49255009ADE0B /* Locker.h */,
				190210D621E48375009ADE0B /* FilePathHelper.h */,
				190210D721E48399009ADE0B /* FilePathHelper.m */,
				190210D921E48DB2009ADE0B /* OCCodingHelper.m */,
				190210E121E49BA1009ADE0B /* ConfigHelper.h */,
				190210E221E49BC0009ADE0B /* ConfigHelper.m */,
			);
			path = nouse;
			sourceTree = "<group>";
		};
		194FF95421EC2B6B00CAB449 /* iOSInit */ = {
			isa = PBXGroup;
			children = (
				190210C321E45966009ADE0B /* Assets.xcassets */,
				190210B721E45964009ADE0B /* AppDelegate.h */,
				190210B821E45964009ADE0B /* AppDelegate.m */,
				190210C921E45966009ADE0B /* main.m */,
			);
			path = iOSInit;
			sourceTree = "<group>";
		};
		194FF95521EC2BEA00CAB449 /* Brief */ = {
			isa = PBXGroup;
			children = (
				1904662F21F89F0F00FF09C0 /* PageContainer */,
				194D007B21F2ADD2008918DA /* StroyBoard */,
				19FFB2AB21F19A8D00C02A53 /* Asset */,
				194FF95721EC2C1A00CAB449 /* Greeks */,
				19703EBB21F5BCCB003D6697 /* PNL */,
				194D007D21F2AE6D008918DA /* TradeSum */,
				19703EB721F5A94F003D6697 /* Position */,
				1984262F222656FD00BA10F0 /* AvgEdge */,
			);
			path = Brief;
			sourceTree = "<group>";
		};
		194FF95721EC2C1A00CAB449 /* Greeks */ = {
			isa = PBXGroup;
			children = (
				194D008221F2B51A008918DA /* GreeksViewController.h */,
				194D008321F2B52B008918DA /* GreeksViewController.m */,
			);
			path = Greeks;
			sourceTree = "<group>";
		};
		196B41CE21EED10800105D44 /* Config */ = {
			isa = PBXGroup;
			children = (
				19FFB2A321F18EEE00C02A53 /* Config.storyboard */,
				196B41CF21EED11F00105D44 /* ConfigViewController.h */,
				196B41D021EED13800105D44 /* ConfigViewController.m */,
			);
			path = Config;
			sourceTree = "<group>";
		};
		196CBF4022472227002F8F0F /* iTSCInit */ = {
			isa = PBXGroup;
			children = (
				196CBF41224722F2002F8F0F /* iTSCInit.storyboard */,
				196CBF4422472542002F8F0F /* iTSCInit.h */,
				196CBF45224725F0002F8F0F /* iTSCInit.m */,
			);
			path = iTSCInit;
			sourceTree = "<group>";
		};
		196CBF43224724A3002F8F0F /* Main */ = {
			isa = PBXGroup;
			children = (
				19FFB2C621F1B5B100C02A53 /* Main.storyboard */,
				19FFB29321F17B6900C02A53 /* TabBarController.h */,
				19FFB29421F17B7D00C02A53 /* TabBarController.m */,
			);
			path = Main;
			sourceTree = "<group>";
		};
		19703EB621F55C27003D6697 /* Com */ = {
			isa = PBXGroup;
			children = (
				194B2B602200173E008F8A9D /* Const */,
				19FFB2C421F1A1D500C02A53 /* TWPageViewController */,
				190210D421E4832D009ADE0B /* Helper */,
				1980DBD321EF025E008C9FF0 /* ConfigFile */,
				1911DFB921FF307D0079304C /* Chart-Bridging-Header.swift */,
				1911DFBB21FF30A50079304C /* iTSC-Bridging-Header.h */,
			);
			path = Com;
			sourceTree = "<group>";
		};
		19703EB721F5A94F003D6697 /* Position */ = {
			isa = PBXGroup;
			children = (
				19703EB821F5B528003D6697 /* PositionViewController.h */,
				19703EB921F5B537003D6697 /* PositionViewController.m */,
			);
			path = Position;
			sourceTree = "<group>";
		};
		19703EBB21F5BCCB003D6697 /* PNL */ = {
			isa = PBXGroup;
			children = (
				19703EBE21F5BD17003D6697 /* PnlViewController.h */,
				19703EBC21F5BD09003D6697 /* PnlViewController.m */,
			);
			path = PNL;
			sourceTree = "<group>";
		};
		1980DBD321EF025E008C9FF0 /* ConfigFile */ = {
			isa = PBXGroup;
			children = (
				1980DBD421EF0275008C9FF0 /* TscConfig.h */,
				1980DBD521EF0291008C9FF0 /* TscConfig.m */,
				194D007821F280EC008918DA /* TscConnections.h */,
				194D007921F2824C008918DA /* TscConnections.m */,
				197BF9DF2248863A00450399 /* TscDNSs.h */,
				197BF9DD2248861D00450399 /* TscDNSs.m */,
			);
			path = ConfigFile;
			sourceTree = "<group>";
		};
		1984262F222656FD00BA10F0 /* AvgEdge */ = {
			isa = PBXGroup;
			children = (
				1984263322266FD500BA10F0 /* AvgEdgeViewController.h */,
				198426342226704600BA10F0 /* AvgEdgeViewController.m */,
			);
			path = AvgEdge;
			sourceTree = "<group>";
		};
		19FFB29021F1703C00C02A53 /* StroyBoard */ = {
			isa = PBXGroup;
			children = (
				196CBF4022472227002F8F0F /* iTSCInit */,
				196CBF43224724A3002F8F0F /* Main */,
				194FF95521EC2BEA00CAB449 /* Brief */,
				1911DFAC21FF28E00079304C /* HisAsset */,
				19FFB2A621F191B700C02A53 /* Control */,
				196B41CE21EED10800105D44 /* Config */,
				19FFB2C821F1B9D600C02A53 /* Other */,
			);
			path = StroyBoard;
			sourceTree = "<group>";
		};
		19FFB2A621F191B700C02A53 /* Control */ = {
			isa = PBXGroup;
			children = (
				19FFB2A721F191D700C02A53 /* Control.storyboard */,
				190210BD21E45964009ADE0B /* ControlViewController.h */,
				190210BE21E45964009ADE0B /* ControlViewController.m */,
			);
			path = Control;
			sourceTree = "<group>";
		};
		19FFB2AB21F19A8D00C02A53 /* Asset */ = {
			isa = PBXGroup;
			children = (
				1911DFA921FF11160079304C /* Asset.storyboard */,
				194D008C21F44049008918DA /* AssetViewController.h */,
				194D008D21F44057008918DA /* AssetViewController.m */,
			);
			path = Asset;
			sourceTree = "<group>";
		};
		19FFB2C421F1A1D500C02A53 /* TWPageViewController */ = {
			isa = PBXGroup;
			children = (
				19FFB2B621F19A8E00C02A53 /* TWPageTitleViewController.h */,
				19FFB2B721F19A8E00C02A53 /* TWPageTitleViewController.m */,
				19FFB2B821F19A8E00C02A53 /* TWPageViewController.h */,
				19FFB2B921F19A8E00C02A53 /* TWPageViewController.m */,
			);
			path = TWPageViewController;
			sourceTree = "<group>";
		};
		19FFB2C521F1A70D00C02A53 /* Title */ = {
			isa = PBXGroup;
			children = (
				19FFB2B221F19A8E00C02A53 /* SampleTitleViewController.h */,
				19FFB2B321F19A8E00C02A53 /* SampleTitleViewController.m */,
				19FFB2B021F19A8E00C02A53 /* SampleTitleCell.h */,
				19FFB2B121F19A8E00C02A53 /* SampleTitleCell.m */,
			);
			path = Title;
			sourceTree = "<group>";
		};
		19FFB2C821F1B9D600C02A53 /* Other */ = {
			isa = PBXGroup;
			children = (
				19FFB29121F1706900C02A53 /* Help.storyboard */,
				1980DBD921F0083E008C9FF0 /* Test.storyboard */,
				194D008521F2C707008918DA /* TestViewController.h */,
				194D008621F2C714008918DA /* TestViewController.m */,
			);
			path = Other;
			sourceTree = "<group>";
		};
		19FFB2C921F1BAF600C02A53 /* Page */ = {
			isa = PBXGroup;
			children = (
				19FFB2B421F19A8E00C02A53 /* TableViewController.h */,
				19FFB2B521F19A8E00C02A53 /* TableViewController.m */,
				19FFB2BA21F19A8E00C02A53 /* ViewController.h */,
				19FFB2BB21F19A8E00C02A53 /* ViewController.m */,
			);
			path = Page;
			sourceTree = "<group>";
		};
		667701AC65A23EEF211BB78C /* Frameworks */ = {
			isa = PBXGroup;
			children = (
				1911DFBC21FF31AA0079304C /* Charts.framework */,
				D29AD58FE58AA4674B20F18F /* Pods_iTSC.framework */,
			);
			name = Frameworks;
			sourceTree = "<group>";
		};
		BBD61110B7F90F4EE54E03F8 /* Pods */ = {
			isa = PBXGroup;
			children = (
				A3262C718804A2670A0A4D07 /* Pods-iTSC.debug.xcconfig */,
				453C8632866D6234249936D1 /* Pods-iTSC.release.xcconfig */,
			);
			name = Pods;
			sourceTree = "<group>";
		};
/* End PBXGroup section */

/* Begin PBXNativeTarget section */
		190210B321E45964009ADE0B /* iTSC */ = {
			isa = PBXNativeTarget;
			buildConfigurationList = 190210CD21E45966009ADE0B /* Build configuration list for PBXNativeTarget "iTSC" */;
			buildPhases = (
				CDACC5C8D937A6C6785DBDF7 /* [CP] Check Pods Manifest.lock */,
				190210B021E45964009ADE0B /* Sources */,
				190210B121E45964009ADE0B /* Frameworks */,
				190210B221E45964009ADE0B /* Resources */,
				B86E53A2B0E80A253C46B9EC /* [CP] Embed Pods Frameworks */,
			);
			buildRules = (
			);
			dependencies = (
			);
			name = iTSC;
			productName = iTSC;
			productReference = 190210B421E45964009ADE0B /* iTSC.app */;
			productType = "com.apple.product-type.application";
		};
/* End PBXNativeTarget section */

/* Begin PBXProject section */
		190210AC21E45964009ADE0B /* Project object */ = {
			isa = PBXProject;
			attributes = {
				LastUpgradeCheck = 1010;
				ORGANIZATIONNAME = tss;
				TargetAttributes = {
					190210B321E45964009ADE0B = {
						CreatedOnToolsVersion = 10.1;
						LastSwiftMigration = 1010;
					};
				};
			};
			buildConfigurationList = 190210AF21E45964009ADE0B /* Build configuration list for PBXProject "iTSC" */;
			compatibilityVersion = "Xcode 10.0";
			developmentRegion = en;
			hasScannedForEncodings = 0;
			knownRegions = (
				en,
				Base,
			);
			mainGroup = 190210AB21E45964009ADE0B;
			productRefGroup = 190210B521E45964009ADE0B /* Products */;
			projectDirPath = "";
			projectRoot = "";
			targets = (
				190210B321E45964009ADE0B /* iTSC */,
			);
		};
/* End PBXProject section */

/* Begin PBXResourcesBuildPhase section */
		190210B221E45964009ADE0B /* Resources */ = {
			isa = PBXResourcesBuildPhase;
			buildActionMask = 2147483647;
			files = (
				190210DD21E49649009ADE0B /* 编程-属性 in Resources */,
				19FFB2C721F1B5B100C02A53 /* Main.storyboard in Resources */,
				190210E021E499DE009ADE0B /* 编程-本地数据保存 in Resources */,
				19FFB2A821F191D700C02A53 /* Control.storyboard in Resources */,
				1911DFAB21FF11160079304C /* Asset.storyboard in Resources */,
				1911DFB121FF29EB0079304C /* HisAssetChart.storyboard in Resources */,
				19FFB29221F1706900C02A53 /* Help.storyboard in Resources */,
				190210C421E45966009ADE0B /* Assets.xcassets in Resources */,
				190210C221E45964009ADE0B /* BriefDetail.storyboard in Resources */,
				19FFB2AA21F194BD00C02A53 /* Brief.storyboard in Resources */,
				19FFB2A421F18EEE00C02A53 /* Config.storyboard in Resources */,
				1980DBDA21F0083E008C9FF0 /* Test.storyboard in Resources */,
				196CBF42224722F2002F8F0F /* iTSCInit.storyboard in Resources */,
			);
			runOnlyForDeploymentPostprocessing = 0;
		};
/* End PBXResourcesBuildPhase section */

/* Begin PBXShellScriptBuildPhase section */
		B86E53A2B0E80A253C46B9EC /* [CP] Embed Pods Frameworks */ = {
			isa = PBXShellScriptBuildPhase;
			buildActionMask = 2147483647;
			files = (
			);
			inputFileListPaths = (
			);
			inputPaths = (
				"${SRCROOT}/Pods/Target Support Files/Pods-iTSC/Pods-iTSC-frameworks.sh",
				"${BUILT_PRODUCTS_DIR}/Charts/Charts.framework",
				"${BUILT_PRODUCTS_DIR}/OHMySQL/OHMySQL.framework",
			);
			name = "[CP] Embed Pods Frameworks";
			outputFileListPaths = (
			);
			outputPaths = (
				"${TARGET_BUILD_DIR}/${FRAMEWORKS_FOLDER_PATH}/Charts.framework",
				"${TARGET_BUILD_DIR}/${FRAMEWORKS_FOLDER_PATH}/OHMySQL.framework",
			);
			runOnlyForDeploymentPostprocessing = 0;
			shellPath = /bin/sh;
			shellScript = "\"${SRCROOT}/Pods/Target Support Files/Pods-iTSC/Pods-iTSC-frameworks.sh\"\n";
			showEnvVarsInLog = 0;
		};
		CDACC5C8D937A6C6785DBDF7 /* [CP] Check Pods Manifest.lock */ = {
			isa = PBXShellScriptBuildPhase;
			buildActionMask = 2147483647;
			files = (
			);
			inputFileListPaths = (
			);
			inputPaths = (
				"${PODS_PODFILE_DIR_PATH}/Podfile.lock",
				"${PODS_ROOT}/Manifest.lock",
			);
			name = "[CP] Check Pods Manifest.lock";
			outputFileListPaths = (
			);
			outputPaths = (
				"$(DERIVED_FILE_DIR)/Pods-iTSC-checkManifestLockResult.txt",
			);
			runOnlyForDeploymentPostprocessing = 0;
			shellPath = /bin/sh;
			shellScript = "diff \"${PODS_PODFILE_DIR_PATH}/Podfile.lock\" \"${PODS_ROOT}/Manifest.lock\" > /dev/null\nif [ $? != 0 ] ; then\n    # print error to STDERR\n    echo \"error: The sandbox is not in sync with the Podfile.lock. Run 'pod install' or update your CocoaPods installation.\" >&2\n    exit 1\nfi\n# This output is used by Xcode 'outputs' to avoid re-running this script phase.\necho \"SUCCESS\" > \"${SCRIPT_OUTPUT_FILE_0}\"\n";
			showEnvVarsInLog = 0;
		};
/* End PBXShellScriptBuildPhase section */

/* Begin PBXSourcesBuildPhase section */
		190210B021E45964009ADE0B /* Sources */ = {
			isa = PBXSourcesBuildPhase;
			buildActionMask = 2147483647;
			files = (
				190210BF21E45964009ADE0B /* ControlViewController.m in Sources */,
				1911DFBA21FF307D0079304C /* Chart-Bridging-Header.swift in Sources */,
				194D008421F2B52B008918DA /* GreeksViewController.m in Sources */,
				190210B921E45964009ADE0B /* AppDelegate.m in Sources */,
				190210D821E48399009ADE0B /* FilePathHelper.m in Sources */,
				194D007A21F2824C008918DA /* TscConnections.m in Sources */,
				1911DFAF21FF294E0079304C /* HADrawChartViewController.m in Sources */,
				190210E621E49C27009ADE0B /* DBHelper.m in Sources */,
				190210E321E49BC0009ADE0B /* ConfigHelper.m in Sources */,
				1980DBD621EF0291008C9FF0 /* TscConfig.m in Sources */,
				198173FA222CFD74009415A2 /* HAMktOrTheoPickerViewController.m in Sources */,
				197BF9DE2248861D00450399 /* TscDNSs.m in Sources */,
				19FFB29521F17B7D00C02A53 /* TabBarController.m in Sources */,
				19FFB2BC21F19A8E00C02A53 /* PageContainerViewController.m in Sources */,
				198426352226704600BA10F0 /* AvgEdgeViewController.m in Sources */,
				194D008921F41210008918DA /* UIHelper.m in Sources */,
				190210DA21E48DB2009ADE0B /* OCCodingHelper.m in Sources */,
				194B2B66220024F4008F8A9D /* HADrawChartView.m in Sources */,
				19703EBA21F5B537003D6697 /* PositionViewController.m in Sources */,
				194D008E21F44057008918DA /* AssetViewController.m in Sources */,
				194D008721F2C714008918DA /* TestViewController.m in Sources */,
				19FFB2C121F19A8E00C02A53 /* TWPageTitleViewController.m in Sources */,
				194D009021F46CE5008918DA /* TradeSumsViewController.m in Sources */,
				19FFB2C221F19A8E00C02A53 /* TWPageViewController.m in Sources */,
				190210CA21E45966009ADE0B /* main.m in Sources */,
				19417D4721E86BA000C1FF2C /* StringHelper.m in Sources */,
				19FFB2C321F19A8E00C02A53 /* ViewController.m in Sources */,
				196CBF46224725F0002F8F0F /* iTSCInit.m in Sources */,
				19FFB2BF21F19A8E00C02A53 /* SampleTitleViewController.m in Sources */,
				194B2B6322001775008F8A9D /* TscConst.m in Sources */,
				19FFB2C021F19A8E00C02A53 /* TableViewController.m in Sources */,
				194B2B6822002DC6008F8A9D /* HADatePickerViewController.m in Sources */,
				19FFB2BE21F19A8E00C02A53 /* SampleTitleCell.m in Sources */,
				194B2B5F21FFF2CE008F8A9D /* HisAssetQueryViewController.m in Sources */,
				19F2FE862339AE63008498D7 /* NetHelper.m in Sources */,
				196B41D121EED13800105D44 /* ConfigViewController.m in Sources */,
				19703EBD21F5BD09003D6697 /* PnlViewController.m in Sources */,
			);
			runOnlyForDeploymentPostprocessing = 0;
		};
/* End PBXSourcesBuildPhase section */

/* Begin PBXVariantGroup section */
		190210C021E45964009ADE0B /* BriefDetail.storyboard */ = {
			isa = PBXVariantGroup;
			children = (
				190210C121E45964009ADE0B /* Base */,
			);
			name = BriefDetail.storyboard;
			sourceTree = "<group>";
		};
		1911DFA921FF11160079304C /* Asset.storyboard */ = {
			isa = PBXVariantGroup;
			children = (
				1911DFAA21FF11160079304C /* Base */,
			);
			name = Asset.storyboard;
			sourceTree = "<group>";
		};
/* End PBXVariantGroup section */

/* Begin XCBuildConfiguration section */
		190210CB21E45966009ADE0B /* Debug */ = {
			isa = XCBuildConfiguration;
			buildSettings = {
				ALWAYS_SEARCH_USER_PATHS = NO;
				CLANG_ANALYZER_NONNULL = YES;
				CLANG_ANALYZER_NUMBER_OBJECT_CONVERSION = YES_AGGRESSIVE;
				CLANG_CXX_LANGUAGE_STANDARD = "gnu++14";
				CLANG_CXX_LIBRARY = "libc++";
				CLANG_ENABLE_MODULES = YES;
				CLANG_ENABLE_OBJC_ARC = YES;
				CLANG_ENABLE_OBJC_WEAK = YES;
				CLANG_WARN_BLOCK_CAPTURE_AUTORELEASING = YES;
				CLANG_WARN_BOOL_CONVERSION = YES;
				CLANG_WARN_COMMA = YES;
				CLANG_WARN_CONSTANT_CONVERSION = YES;
				CLANG_WARN_DEPRECATED_OBJC_IMPLEMENTATIONS = YES;
				CLANG_WARN_DIRECT_OBJC_ISA_USAGE = YES_ERROR;
				CLANG_WARN_DOCUMENTATION_COMMENTS = YES;
				CLANG_WARN_EMPTY_BODY = YES;
				CLANG_WARN_ENUM_CONVERSION = YES;
				CLANG_WARN_INFINITE_RECURSION = YES;
				CLANG_WARN_INT_CONVERSION = YES;
				CLANG_WARN_NON_LITERAL_NULL_CONVERSION = YES;
				CLANG_WARN_OBJC_IMPLICIT_RETAIN_SELF = YES;
				CLANG_WARN_OBJC_LITERAL_CONVERSION = YES;
				CLANG_WARN_OBJC_ROOT_CLASS = YES_ERROR;
				CLANG_WARN_RANGE_LOOP_ANALYSIS = YES;
				CLANG_WARN_STRICT_PROTOTYPES = YES;
				CLANG_WARN_SUSPICIOUS_MOVE = YES;
				CLANG_WARN_UNGUARDED_AVAILABILITY = YES_AGGRESSIVE;
				CLANG_WARN_UNREACHABLE_CODE = YES;
				CLANG_WARN__DUPLICATE_METHOD_MATCH = YES;
				CODE_SIGN_IDENTITY = "iPhone Developer";
				COPY_PHASE_STRIP = NO;
				DEBUG_INFORMATION_FORMAT = dwarf;
				ENABLE_STRICT_OBJC_MSGSEND = YES;
				ENABLE_TESTABILITY = YES;
				GCC_C_LANGUAGE_STANDARD = gnu11;
				GCC_DYNAMIC_NO_PIC = NO;
				GCC_NO_COMMON_BLOCKS = YES;
				GCC_OPTIMIZATION_LEVEL = 0;
				GCC_PREPROCESSOR_DEFINITIONS = (
					"DEBUG=1",
					"$(inherited)",
				);
				GCC_WARN_64_TO_32_BIT_CONVERSION = YES;
				GCC_WARN_ABOUT_RETURN_TYPE = YES_ERROR;
				GCC_WARN_UNDECLARED_SELECTOR = YES;
				GCC_WARN_UNINITIALIZED_AUTOS = YES_AGGRESSIVE;
				GCC_WARN_UNUSED_FUNCTION = YES;
				GCC_WARN_UNUSED_VARIABLE = YES;
				IPHONEOS_DEPLOYMENT_TARGET = 12.1;
				MTL_ENABLE_DEBUG_INFO = INCLUDE_SOURCE;
				MTL_FAST_MATH = YES;
				ONLY_ACTIVE_ARCH = YES;
				SDKROOT = iphoneos;
			};
			name = Debug;
		};
		190210CC21E45966009ADE0B /* Release */ = {
			isa = XCBuildConfiguration;
			buildSettings = {
				ALWAYS_SEARCH_USER_PATHS = NO;
				CLANG_ANALYZER_NONNULL = YES;
				CLANG_ANALYZER_NUMBER_OBJECT_CONVERSION = YES_AGGRESSIVE;
				CLANG_CXX_LANGUAGE_STANDARD = "gnu++14";
				CLANG_CXX_LIBRARY = "libc++";
				CLANG_ENABLE_MODULES = YES;
				CLANG_ENABLE_OBJC_ARC = YES;
				CLANG_ENABLE_OBJC_WEAK = YES;
				CLANG_WARN_BLOCK_CAPTURE_AUTORELEASING = YES;
				CLANG_WARN_BOOL_CONVERSION = YES;
				CLANG_WARN_COMMA = YES;
				CLANG_WARN_CONSTANT_CONVERSION = YES;
				CLANG_WARN_DEPRECATED_OBJC_IMPLEMENTATIONS = YES;
				CLANG_WARN_DIRECT_OBJC_ISA_USAGE = YES_ERROR;
				CLANG_WARN_DOCUMENTATION_COMMENTS = YES;
				CLANG_WARN_EMPTY_BODY = YES;
				CLANG_WARN_ENUM_CONVERSION = YES;
				CLANG_WARN_INFINITE_RECURSION = YES;
				CLANG_WARN_INT_CONVERSION = YES;
				CLANG_WARN_NON_LITERAL_NULL_CONVERSION = YES;
				CLANG_WARN_OBJC_IMPLICIT_RETAIN_SELF = YES;
				CLANG_WARN_OBJC_LITERAL_CONVERSION = YES;
				CLANG_WARN_OBJC_ROOT_CLASS = YES_ERROR;
				CLANG_WARN_RANGE_LOOP_ANALYSIS = YES;
				CLANG_WARN_STRICT_PROTOTYPES = YES;
				CLANG_WARN_SUSPICIOUS_MOVE = YES;
				CLANG_WARN_UNGUARDED_AVAILABILITY = YES_AGGRESSIVE;
				CLANG_WARN_UNREACHABLE_CODE = YES;
				CLANG_WARN__DUPLICATE_METHOD_MATCH = YES;
				CODE_SIGN_IDENTITY = "iPhone Developer";
				COPY_PHASE_STRIP = NO;
				DEBUG_INFORMATION_FORMAT = "dwarf-with-dsym";
				ENABLE_NS_ASSERTIONS = NO;
				ENABLE_STRICT_OBJC_MSGSEND = YES;
				GCC_C_LANGUAGE_STANDARD = gnu11;
				GCC_NO_COMMON_BLOCKS = YES;
				GCC_WARN_64_TO_32_BIT_CONVERSION = YES;
				GCC_WARN_ABOUT_RETURN_TYPE = YES_ERROR;
				GCC_WARN_UNDECLARED_SELECTOR = YES;
				GCC_WARN_UNINITIALIZED_AUTOS = YES_AGGRESSIVE;
				GCC_WARN_UNUSED_FUNCTION = YES;
				GCC_WARN_UNUSED_VARIABLE = YES;
				IPHONEOS_DEPLOYMENT_TARGET = 12.1;
				MTL_ENABLE_DEBUG_INFO = NO;
				MTL_FAST_MATH = YES;
				SDKROOT = iphoneos;
				SWIFT_COMPILATION_MODE = wholemodule;
				VALIDATE_PRODUCT = YES;
			};
			name = Release;
		};
		190210CE21E45966009ADE0B /* Debug */ = {
			isa = XCBuildConfiguration;
			baseConfigurationReference = A3262C718804A2670A0A4D07 /* Pods-iTSC.debug.xcconfig */;
			buildSettings = {
				ALWAYS_EMBED_SWIFT_STANDARD_LIBRARIES = YES;
				ASSETCATALOG_COMPILER_APPICON_NAME = AppIcon;
				CLANG_ENABLE_MODULES = YES;
				CODE_SIGN_STYLE = Automatic;
				DEVELOPMENT_TEAM = K5BBWE8GXB;
				INFOPLIST_FILE = iTSC/Info.plist;
				LD_RUNPATH_SEARCH_PATHS = (
					"$(inherited)",
					"@executable_path/Frameworks",
				);
				LIBRARY_SEARCH_PATHS = (
					"$(inherited)",
					"$(PROJECT_DIR)/iTSC",
				);
				PRODUCT_BUNDLE_IDENTIFIER = com.cqg.iTSC;
				PRODUCT_NAME = "$(TARGET_NAME)";
				SWIFT_OBJC_BRIDGING_HEADER = "iTSC/Com/iTSC-Bridging-Header.h";
				SWIFT_OPTIMIZATION_LEVEL = "-Onone";
				SWIFT_VERSION = 4.2;
				TARGETED_DEVICE_FAMILY = "1,2";
			};
			name = Debug;
		};
		190210CF21E45966009ADE0B /* Release */ = {
			isa = XCBuildConfiguration;
			baseConfigurationReference = 453C8632866D6234249936D1 /* Pods-iTSC.release.xcconfig */;
			buildSettings = {
				ALWAYS_EMBED_SWIFT_STANDARD_LIBRARIES = YES;
				ASSETCATALOG_COMPILER_APPICON_NAME = AppIcon;
				CLANG_ENABLE_MODULES = YES;
				CODE_SIGN_STYLE = Automatic;
				DEVELOPMENT_TEAM = K5BBWE8GXB;
				INFOPLIST_FILE = iTSC/Info.plist;
				LD_RUNPATH_SEARCH_PATHS = (
					"$(inherited)",
					"@executable_path/Frameworks",
				);
				LIBRARY_SEARCH_PATHS = (
					"$(inherited)",
					"$(PROJECT_DIR)/iTSC",
				);
				PRODUCT_BUNDLE_IDENTIFIER = com.cqg.iTSC;
				PRODUCT_NAME = "$(TARGET_NAME)";
				SWIFT_OBJC_BRIDGING_HEADER = "iTSC/Com/iTSC-Bridging-Header.h";
				SWIFT_VERSION = 4.2;
				TARGETED_DEVICE_FAMILY = "1,2";
			};
			name = Release;
		};
/* End XCBuildConfiguration section */

/* Begin XCConfigurationList section */
		190210AF21E45964009ADE0B /* Build configuration list for PBXProject "iTSC" */ = {
			isa = XCConfigurationList;
			buildConfigurations = (
				190210CB21E45966009ADE0B /* Debug */,
				190210CC21E45966009ADE0B /* Release */,
			);
			defaultConfigurationIsVisible = 0;
			defaultConfigurationName = Release;
		};
		190210CD21E45966009ADE0B /* Build configuration list for PBXNativeTarget "iTSC" */ = {
			isa = XCConfigurationList;
			buildConfigurations = (
				190210CE21E45966009ADE0B /* Debug */,
				190210CF21E45966009ADE0B /* Release */,
			);
			defaultConfigurationIsVisible = 0;
			defaultConfigurationName = Release;
		};
/* End XCConfigurationList section */
	};
	rootObject = 190210AC21E45964009ADE0B /* Project object */;
}
